
Microsoft Visual Studio Solution File, Format Version 12.00
Project("{FAE04EC0-301F-11D3-BF4B-00C04F79EFBC}") = "Alfheim", "Alfheim\Alfheim\Alfheim.csproj", "{C6C13D75-0723-4D81-AC88-EA2AAB6931B4}"
EndProject
Project("{FAE04EC0-301F-11D3-BF4B-00C04F79EFBC}") = "Alfheim.Android", "Alfheim\Alfheim.Android\Alfheim.Android.csproj", "{E1F09970-50EB-41F4-8F32-F758EDFA0220}"
EndProject
Project("{FAE04EC0-301F-11D3-BF4B-00C04F79EFBC}") = "Alfheim.Desktop", "Alfheim\Alfheim.Desktop\Alfheim.Desktop.csproj", "{57A69ED5-45C9-496E-8E24-97880494D572}"
EndProject
Project("{FAE04EC0-301F-11D3-BF4B-00C04F79EFBC}") = "Alfheim.iOS", "Alfheim\Alfheim.iOS\Alfheim.iOS.csproj", "{57278BC0-6DC4-496F-A31B-71BE1B7CB5A6}"
EndProject
Project("{FAE04EC0-301F-11D3-BF4B-00C04F79EFBC}") = "Alfheim.Web", "Alfheim\Alfheim.Web\Alfheim.Web.csproj", "{DDE90196-9382-4FC6-95A8-F3B4C25CCEF3}"
EndProject
Global
	GlobalSection(SolutionConfigurationPlatforms) = preSolution
		Debug|Any CPU = Debug|Any CPU
		Release|Any CPU = Release|Any CPU
	EndGlobalSection
	GlobalSection(ProjectConfigurationPlatforms) = postSolution
		{C6C13D75-0723-4D81-AC88-EA2AAB6931B4}.Debug|Any CPU.ActiveCfg = Debug|Any CPU
		{C6C13D75-0723-4D81-AC88-EA2AAB6931B4}.Debug|Any CPU.Build.0 = Debug|Any CPU
		{C6C13D75-0723-4D81-AC88-EA2AAB6931B4}.Release|Any CPU.ActiveCfg = Release|Any CPU
		{C6C13D75-0723-4D81-AC88-EA2AAB6931B4}.Release|Any CPU.Build.0 = Release|Any CPU
		{E1F09970-50EB-41F4-8F32-F758EDFA0220}.Debug|Any CPU.ActiveCfg = Debug|Any CPU
		{E1F09970-50EB-41F4-8F32-F758EDFA0220}.Debug|Any CPU.Build.0 = Debug|Any CPU
		{E1F09970-50EB-41F4-8F32-F758EDFA0220}.Debug|Any CPU.Deploy.0 = Debug|Any CPU
		{E1F09970-50EB-41F4-8F32-F758EDFA0220}.Release|Any CPU.ActiveCfg = Release|Any CPU
		{E1F09970-50EB-41F4-8F32-F758EDFA0220}.Release|Any CPU.Build.0 = Release|Any CPU
		{E1F09970-50EB-41F4-8F32-F758EDFA0220}.Release|Any CPU.Deploy.0 = Release|Any CPU
		{57A69ED5-45C9-496E-8E24-97880494D572}.Debug|Any CPU.ActiveCfg = Debug|Any CPU
		{57A69ED5-45C9-496E-8E24-97880494D572}.Debug|Any CPU.Build.0 = Debug|Any CPU
		{57A69ED5-45C9-496E-8E24-97880494D572}.Release|Any CPU.ActiveCfg = Release|Any CPU
		{57A69ED5-45C9-496E-8E24-97880494D572}.Release|Any CPU.Build.0 = Release|Any CPU
		{57278BC0-6DC4-496F-A31B-71BE1B7CB5A6}.Debug|Any CPU.ActiveCfg = Debug|Any CPU
		{57278BC0-6DC4-496F-A31B-71BE1B7CB5A6}.Debug|Any CPU.Build.0 = Debug|Any CPU
		{57278BC0-6DC4-496F-A31B-71BE1B7CB5A6}.Debug|Any CPU.Deploy.0 = Debug|Any CPU
		{57278BC0-6DC4-496F-A31B-71BE1B7CB5A6}.Release|Any CPU.ActiveCfg = Release|Any CPU
		{57278BC0-6DC4-496F-A31B-71BE1B7CB5A6}.Release|Any CPU.Build.0 = Release|Any CPU
		{57278BC0-6DC4-496F-A31B-71BE1B7CB5A6}.Release|Any CPU.Deploy.0 = Release|Any CPU
		{DDE90196-9382-4FC6-95A8-F3B4C25CCEF3}.Debug|Any CPU.ActiveCfg = Debug|Any CPU
		{DDE90196-9382-4FC6-95A8-F3B4C25CCEF3}.Debug|Any CPU.Build.0 = Debug|Any CPU
		{DDE90196-9382-4FC6-95A8-F3B4C25CCEF3}.Release|Any CPU.ActiveCfg = Release|Any CPU
		{DDE90196-9382-4FC6-95A8-F3B4C25CCEF3}.Release|Any CPU.Build.0 = Release|Any CPU
	EndGlobalSection
EndGlobal
